
Microsoft Visual Studio Solution File, Format Version 12.00
# Visual Studio Version 17
VisualStudioVersion = 17.3.32901.215
MinimumVisualStudioVersion = 10.0.40219.1
Project("{FAE04EC0-301F-11D3-BF4B-00C04F79EFBC}") = "Neural Networks", "Neural Networks\Neural Networks.csproj", "{020E2920-F882-443C-90CE-C310DF6D7AA2}"
EndProject
Global
	GlobalSection(SolutionConfigurationPlatforms) = preSolution
		Debug|Any CPU = Debug|Any CPU
		Release|Any CPU = Release|Any CPU
	EndGlobalSection
	GlobalSection(ProjectConfigurationPlatforms) = postSolution
		{020E2920-F882-443C-90CE-C310DF6D7AA2}.Debug|Any CPU.ActiveCfg = Debug|Any CPU
		{020E2920-F882-443C-90CE-C310DF6D7AA2}.Debug|Any CPU.Build.0 = Debug|Any CPU
		{020E2920-F882-443C-90CE-C310DF6D7AA2}.Release|Any CPU.ActiveCfg = Release|Any CPU
		{020E2920-F882-443C-90CE-C310DF6D7AA2}.Release|Any CPU.Build.0 = Release|Any CPU
	EndGlobalSection
	GlobalSection(SolutionProperties) = preSolution
		HideSolutionNode = FALSE
	EndGlobalSection
	GlobalSection(ExtensibilityGlobals) = postSolution
		SolutionGuid = {00110F84-A0DD-4377-812D-09BCB4DF56D4}
	EndGlobalSection
EndGlobal
